// !$*UTF8*$!
{
	archiveVersion = 1;
	classes = {
	};
	objectVersion = 46;
	objects = {

/* Begin PBXBuildFile section */
		09BA7E26134E4EBC0006509D /* main.m in Sources */ = {isa = PBXBuildFile; fileRef = 09BA7E25134E4EBC0006509D /* main.m */; };
		09C8178A13537E8200FB7FA9 /* AppKit.framework in Frameworks */ = {isa = PBXBuildFile; fileRef = 09C8178913537E8200FB7FA9 /* AppKit.framework */; };
		09C8179D135383EF00FB7FA9 /* Foundation.framework in Frameworks */ = {isa = PBXBuildFile; fileRef = 09C8179C135383EF00FB7FA9 /* Foundation.framework */; };
		09C8179F1353840700FB7FA9 /* TBNetwork.framework in Frameworks */ = {isa = PBXBuildFile; fileRef = 09C8179E1353840700FB7FA9 /* TBNetwork.framework */; };
		09C817A01353841400FB7FA9 /* TBNetwork.framework in CopyFiles */ = {isa = PBXBuildFile; fileRef = 09C8179E1353840700FB7FA9 /* TBNetwork.framework */; };
/* End PBXBuildFile section */

/* Begin PBXCopyFilesBuildPhase section */
		09BA7E1C134E4EBC0006509D /* CopyFiles */ = {
			isa = PBXCopyFilesBuildPhase;
			buildActionMask = 2147483647;
			dstPath = /usr/share/man/man1/;
			dstSubfolderSpec = 0;
			files = (
				09C817A01353841400FB7FA9 /* TBNetwork.framework in CopyFiles */,
			);
			runOnlyForDeploymentPostprocessing = 1;
		};
/* End PBXCopyFilesBuildPhase section */

/* Begin PBXFileReference section */
		09BA7E1E134E4EBC0006509D /* SynXServer */ = {isa = PBXFileReference; explicitFileType = "compiled.mach-o.executable"; includeInIndex = 0; path = SynXServer; sourceTree = BUILT_PRODUCTS_DIR; };
		09BA7E25134E4EBC0006509D /* main.m */ = {isa = PBXFileReference; lastKnownFileType = sourcecode.c.objc; path = main.m; sourceTree = "<group>"; };
		09BA7E28134E4EBC0006509D /* SynXServer-Prefix.pch */ = {isa = PBXFileReference; lastKnownFileType = sourcecode.c.h; path = "SynXServer-Prefix.pch"; sourceTree = "<group>"; };
		09BA7E29134E4EBC0006509D /* SynXServer.1 */ = {isa = PBXFileReference; lastKnownFileType = text.man; path = SynXServer.1; sourceTree = "<group>"; };
		09C8178913537E8200FB7FA9 /* AppKit.framework */ = {isa = PBXFileReference; lastKnownFileType = wrapper.framework; name = AppKit.framework; path = System/Library/Frameworks/AppKit.framework; sourceTree = SDKROOT; };
		09C8179C135383EF00FB7FA9 /* Foundation.framework */ = {isa = PBXFileReference; lastKnownFileType = wrapper.framework; name = Foundation.framework; path = System/Library/Frameworks/Foundation.framework; sourceTree = SDKROOT; };
		09C8179E1353840700FB7FA9 /* TBNetwork.framework */ = {isa = PBXFileReference; explicitFileType = wrapper.framework; path = TBNetwork.framework; sourceTree = BUILT_PRODUCTS_DIR; };
/* End PBXFileReference section */

/* Begin PBXFrameworksBuildPhase section */
		09BA7E1B134E4EBC0006509D /* Frameworks */ = {
			isa = PBXFrameworksBuildPhase;
			buildActionMask = 2147483647;
			files = (
				09C8179D135383EF00FB7FA9 /* Foundation.framework in Frameworks */,
				09C8178A13537E8200FB7FA9 /* AppKit.framework in Frameworks */,
				09C8179F1353840700FB7FA9 /* TBNetwork.framework in Frameworks */,
			);
			runOnlyForDeploymentPostprocessing = 0;
		};
/* End PBXFrameworksBuildPhase section */

/* Begin PBXGroup section */
		09BA7E13134E4EBC0006509D = {
			isa = PBXGroup;
			children = (
				09BA7E24134E4EBC0006509D /* SynXServer */,
				09BA7E21134E4EBC0006509D /* Frameworks */,
				09BA7E1F134E4EBC0006509D /* Products */,
			);
			sourceTree = "<group>";
		};
		09BA7E1F134E4EBC0006509D /* Products */ = {
			isa = PBXGroup;
			children = (
				09BA7E1E134E4EBC0006509D /* SynXServer */,
			);
			name = Products;
			sourceTree = "<group>";
		};
		09BA7E21134E4EBC0006509D /* Frameworks */ = {
			isa = PBXGroup;
			children = (
				09C8179E1353840700FB7FA9 /* TBNetwork.framework */,
				09C8179C135383EF00FB7FA9 /* Foundation.framework */,
				09C8178913537E8200FB7FA9 /* AppKit.framework */,
			);
			name = Frameworks;
			sourceTree = "<group>";
		};
		09BA7E24134E4EBC0006509D /* SynXServer */ = {
			isa = PBXGroup;
			children = (
				09BA7E25134E4EBC0006509D /* main.m */,
				09BA7E29134E4EBC0006509D /* SynXServer.1 */,
				09BA7E27134E4EBC0006509D /* Supporting Files */,
			);
			path = SynXServer;
			sourceTree = "<group>";
		};
		09BA7E27134E4EBC0006509D /* Supporting Files */ = {
			isa = PBXGroup;
			children = (
				09BA7E28134E4EBC0006509D /* SynXServer-Prefix.pch */,
			);
			name = "Supporting Files";
			sourceTree = "<group>";
		};
/* End PBXGroup section */

/* Begin PBXNativeTarget section */
		09BA7E1D134E4EBC0006509D /* SynXServer */ = {
			isa = PBXNativeTarget;
			buildConfigurationList = 09BA7E2C134E4EBC0006509D /* Build configuration list for PBXNativeTarget "SynXServer" */;
			buildPhases = (
				09BA7E1A134E4EBC0006509D /* Sources */,
				09BA7E1B134E4EBC0006509D /* Frameworks */,
				09BA7E1C134E4EBC0006509D /* CopyFiles */,
			);
			buildRules = (
			);
			dependencies = (
			);
			name = SynXServer;
			productName = SynXServer;
			productReference = 09BA7E1E134E4EBC0006509D /* SynXServer */;
			productType = "com.apple.product-type.tool";
		};
/* End PBXNativeTarget section */

/* Begin PBXProject section */
		09BA7E15134E4EBC0006509D /* Project object */ = {
			isa = PBXProject;
			attributes = {
				ORGANIZATIONNAME = "Tage Borg";
			};
			buildConfigurationList = 09BA7E18134E4EBC0006509D /* Build configuration list for PBXProject "SynXServer" */;
			compatibilityVersion = "Xcode 3.2";
			developmentRegion = English;
			hasScannedForEncodings = 0;
			knownRegions = (
				en,
			);
			mainGroup = 09BA7E13134E4EBC0006509D;
			productRefGroup = 09BA7E1F134E4EBC0006509D /* Products */;
			projectDirPath = "";
			projectRoot = "";
			targets = (
				09BA7E1D134E4EBC0006509D /* SynXServer */,
			);
		};
/* End PBXProject section */

/* Begin PBXSourcesBuildPhase section */
		09BA7E1A134E4EBC0006509D /* Sources */ = {
			isa = PBXSourcesBuildPhase;
			buildActionMask = 2147483647;
			files = (
				09BA7E26134E4EBC0006509D /* main.m in Sources */,
			);
			runOnlyForDeploymentPostprocessing = 0;
		};
/* End PBXSourcesBuildPhase section */

/* Begin XCBuildConfiguration section */
		09BA7E2A134E4EBC0006509D /* Debug */ = {
			isa = XCBuildConfiguration;
			buildSettings = {
				ARCHS = "$(ARCHS_STANDARD_32_64_BIT)";
				GCC_C_LANGUAGE_STANDARD = gnu99;
				GCC_OPTIMIZATION_LEVEL = 0;
				GCC_PREPROCESSOR_DEFINITIONS = DEBUG;
				GCC_SYMBOLS_PRIVATE_EXTERN = NO;
				GCC_VERSION = com.apple.compilers.llvm.clang.1_0;
				GCC_WARN_64_TO_32_BIT_CONVERSION = YES;
				GCC_WARN_ABOUT_RETURN_TYPE = YES;
				GCC_WARN_UNUSED_VARIABLE = YES;
				MACOSX_DEPLOYMENT_TARGET = 10.6;
				ONLY_ACTIVE_ARCH = YES;
				SDKROOT = macosx;
			};
			name = Debug;
		};
		09BA7E2B134E4EBC0006509D /* Release */ = {
			isa = XCBuildConfiguration;
			buildSettings = {
				ARCHS = "$(ARCHS_STANDARD_32_64_BIT)";
				GCC_C_LANGUAGE_STANDARD = gnu99;
				GCC_VERSION = com.apple.compilers.llvm.clang.1_0;
				GCC_WARN_64_TO_32_BIT_CONVERSION = YES;
				GCC_WARN_ABOUT_RETURN_TYPE = YES;
				GCC_WARN_UNUSED_VARIABLE = YES;
				MACOSX_DEPLOYMENT_TARGET = 10.6;
				SDKROOT = macosx;
			};
			name = Release;
		};
		09BA7E2D134E4EBC0006509D /* Debug */ = {
			isa = XCBuildConfiguration;
			buildSettings = {
				ALWAYS_SEARCH_USER_PATHS = NO;
				COPY_PHASE_STRIP = NO;
				FRAMEWORK_SEARCH_PATHS = (
					"$(inherited)",
					"\"$(SRCROOT)\"",
				);
				GCC_DYNAMIC_NO_PIC = NO;
				GCC_ENABLE_OBJC_EXCEPTIONS = YES;
				GCC_PRECOMPILE_PREFIX_HEADER = YES;
				GCC_PREFIX_HEADER = "SynXServer/SynXServer-Prefix.pch";
				PRODUCT_NAME = "$(TARGET_NAME)";
			};
			name = Debug;
		};
		09BA7E2E134E4EBC0006509D /* Release */ = {
			isa = XCBuildConfiguration;
			buildSettings = {
				ALWAYS_SEARCH_USER_PATHS = NO;
				COPY_PHASE_STRIP = YES;
				DEBUG_INFORMATION_FORMAT = "dwarf-with-dsym";
				FRAMEWORK_SEARCH_PATHS = (
					"$(inherited)",
					"\"$(SRCROOT)\"",
				);
				GCC_ENABLE_OBJC_EXCEPTIONS = YES;
				GCC_PRECOMPILE_PREFIX_HEADER = YES;
				GCC_PREFIX_HEADER = "SynXServer/SynXServer-Prefix.pch";
				PRODUCT_NAME = "$(TARGET_NAME)";
			};
			name = Release;
		};
/* End XCBuildConfiguration section */

/* Begin XCConfigurationList section */
		09BA7E18134E4EBC0006509D /* Build configuration list for PBXProject "SynXServer" */ = {
			isa = XCConfigurationList;
			buildConfigurations = (
				09BA7E2A134E4EBC0006509D /* Debug */,
				09BA7E2B134E4EBC0006509D /* Release */,
			);
			defaultConfigurationIsVisible = 0;
			defaultConfigurationName = Release;
		};
		09BA7E2C134E4EBC0006509D /* Build configuration list for PBXNativeTarget "SynXServer" */ = {
			isa = XCConfigurationList;
			buildConfigurations = (
				09BA7E2D134E4EBC0006509D /* Debug */,
				09BA7E2E134E4EBC0006509D /* Release */,
			);
			defaultConfigurationIsVisible = 0;
			defaultConfigurationName = Release;
		};
/* End XCConfigurationList section */
	};
	rootObject = 09BA7E15134E4EBC0006509D /* Project object */;
}
